
Microsoft Visual Studio Solution File, Format Version 12.00
# Visual Studio Version 17
VisualStudioVersion = 17.0.31903.59
MinimumVisualStudioVersion = 10.0.40219.1
Project("{FAE04EC0-301F-11D3-BF4B-00C04F79EFBC}") = "JobTracker.Api", "src\JobTracker.Api.csproj", "{06DDA7AB-AC1A-4819-BE76-A3FF2107507C}"
EndProject
Project("{FAE04EC0-301F-11D3-BF4B-00C04F79EFBC}") = "JobTracker.Tests", "tests\JobTracker.Tests.csproj", "{30998B6A-A9BB-4ACF-87AE-97074C15A18E}"
EndProject
Global
	GlobalSection(SolutionConfigurationPlatforms) = preSolution
		Debug|Any CPU = Debug|Any CPU
		Release|Any CPU = Release|Any CPU
	EndGlobalSection
	GlobalSection(SolutionProperties) = preSolution
		HideSolutionNode = FALSE
	EndGlobalSection
	GlobalSection(ProjectConfigurationPlatforms) = postSolution
		{06DDA7AB-AC1A-4819-BE76-A3FF2107507C}.Debug|Any CPU.ActiveCfg = Debug|Any CPU
		{06DDA7AB-AC1A-4819-BE76-A3FF2107507C}.Debug|Any CPU.Build.0 = Debug|Any CPU
		{06DDA7AB-AC1A-4819-BE76-A3FF2107507C}.Release|Any CPU.ActiveCfg = Release|Any CPU
		{06DDA7AB-AC1A-4819-BE76-A3FF2107507C}.Release|Any CPU.Build.0 = Release|Any CPU
		{30998B6A-A9BB-4ACF-87AE-97074C15A18E}.Debug|Any CPU.ActiveCfg = Debug|Any CPU
		{30998B6A-A9BB-4ACF-87AE-97074C15A18E}.Debug|Any CPU.Build.0 = Debug|Any CPU
		{30998B6A-A9BB-4ACF-87AE-97074C15A18E}.Release|Any CPU.ActiveCfg = Release|Any CPU
		{30998B6A-A9BB-4ACF-87AE-97074C15A18E}.Release|Any CPU.Build.0 = Release|Any CPU
	EndGlobalSection
EndGlobal
